
Microsoft Visual Studio Solution File, Format Version 12.00
# Visual Studio Version 17
VisualStudioVersion = 17.11.35303.130
MinimumVisualStudioVersion = 10.0.40219.1
Project("{2150E333-8FDC-42A3-9474-1A3956D46DE8}") = "Task0", "Task0", "{5484A5C3-7E51-4931-AD3B-A8187642ECA3}"
EndProject
Project("{9A19103F-16F7-4668-BE54-9A1E7A4F7556}") = "Tyuiu.KosyanovDV.Sprint2.Task0.V3.Lib", "Tyuiu.KosyanovDV.Sprint2.Task0.V3.Lib\Tyuiu.KosyanovDV.Sprint2.Task0.V3.Lib.csproj", "{1BEF934E-2CDF-4405-80E4-D3051C7254EC}"
EndProject
Project("{9A19103F-16F7-4668-BE54-9A1E7A4F7556}") = "Tyuiu.KosyanovDV.Sprint2.Task0.V3.Test", "Tyuiu.KosyanovDV.Sprint2.Task0.V3.Test\Tyuiu.KosyanovDV.Sprint2.Task0.V3.Test.csproj", "{C0EEB363-AB99-40BE-A418-639FA5964EA7}"
EndProject
Project("{9A19103F-16F7-4668-BE54-9A1E7A4F7556}") = "Tyuiu.KosyanovDV.Sprint2.Task0.V3", "Tyuiu.KosyanovDV.Sprint2.Task0.V3\Tyuiu.KosyanovDV.Sprint2.Task0.V3.csproj", "{6CB325F2-088E-414D-B4DD-999637396F6E}"
EndProject
Project("{2150E333-8FDC-42A3-9474-1A3956D46DE8}") = "Task1", "Task1", "{BC4A31CF-C6F8-49E5-A68D-789D6EE2990B}"
EndProject
Project("{9A19103F-16F7-4668-BE54-9A1E7A4F7556}") = "Tyuiu.KosyanovDV.Sprint2.Task1.V14", "Tyuiu.KosyanovDV.Sprint2.Task1.V14\Tyuiu.KosyanovDV.Sprint2.Task1.V14.csproj", "{11C0D507-081A-4AD3-A5EE-E64B1E0F5DB4}"
EndProject
Project("{9A19103F-16F7-4668-BE54-9A1E7A4F7556}") = "Tyuiu.KosyanovDV.Sprint2.Task1.V14.Test", "Tyuiu.KosyanovDV.Sprint2.Task1.V14.Test\Tyuiu.KosyanovDV.Sprint2.Task1.V14.Test.csproj", "{003E8B2A-1E0E-46AB-A670-F1F57227EB18}"
EndProject
Project("{9A19103F-16F7-4668-BE54-9A1E7A4F7556}") = "Tyuiu.KosyanovDV.Sprint2.Task1.V14.Lib", "Tyuiu.KosyanovDV.Sprint2.Task1.V14.Lib\Tyuiu.KosyanovDV.Sprint2.Task1.V14.Lib.csproj", "{BD2B9846-762E-4C84-8133-632260F24215}"
EndProject
Project("{2150E333-8FDC-42A3-9474-1A3956D46DE8}") = "Task2", "Task2", "{43937EBD-0E3A-4D7F-A8CE-4EBFE6DF3A94}"
EndProject
Project("{9A19103F-16F7-4668-BE54-9A1E7A4F7556}") = "Tyuiu.KosyanovDV.Sprint2.Task2.V6", "Tyuiu.KosyanovDV.Sprint2.Task2.V6\Tyuiu.KosyanovDV.Sprint2.Task2.V6.csproj", "{562E3B89-9CEF-44F0-87F6-DB967984FEF2}"
EndProject
Project("{9A19103F-16F7-4668-BE54-9A1E7A4F7556}") = "Tyuiu.KosyanovDV.Sprint2.Task2.V6.Lib", "Tyuiu.KosyanovDV.Sprint2.Task2.V6.Lib\Tyuiu.KosyanovDV.Sprint2.Task2.V6.Lib.csproj", "{9990586C-4834-4F3C-A1CC-AAB0FC680773}"
EndProject
Project("{9A19103F-16F7-4668-BE54-9A1E7A4F7556}") = "Tyuiu.KosyanovDV.Sprint2.Task2.V6.Test", "Tyuiu.KosyanovDV.Sprint2.Task2.V6.Test\Tyuiu.KosyanovDV.Sprint2.Task2.V6.Test.csproj", "{DD9E78CB-DEDA-405D-BD7D-80D0348B4583}"
EndProject
Project("{2150E333-8FDC-42A3-9474-1A3956D46DE8}") = "Task3", "Task3", "{BBE8B012-49EE-44A2-B7DC-CC23C296B06F}"
EndProject
Project("{9A19103F-16F7-4668-BE54-9A1E7A4F7556}") = "Tyuiu.KosyanovDV.Sprint2.Task3.V2", "Tyuiu.KosyanovDV.Sprint2.Task3.V2\Tyuiu.KosyanovDV.Sprint2.Task3.V2.csproj", "{5B4F2385-A4B5-468E-B102-84E8C9460DE8}"
EndProject
Project("{9A19103F-16F7-4668-BE54-9A1E7A4F7556}") = "Tyuiu.KosyanovDV.Sprint2.Task3.V2.Test", "Tyuiu.KosyanovDV.Sprint2.Task3.V2.Test\Tyuiu.KosyanovDV.Sprint2.Task3.V2.Test.csproj", "{7D141BDB-B6CB-43AB-A257-91E59205D7F8}"
EndProject
Project("{9A19103F-16F7-4668-BE54-9A1E7A4F7556}") = "Tyuiu.KosyanovDV.Sprint2.Task3.V2.Lib", "Tyuiu.KosyanovDV.Sprint2.Task3.V2.Lib\Tyuiu.KosyanovDV.Sprint2.Task3.V2.Lib.csproj", "{5F8D395A-B46A-4249-9B2A-33E5BE4B8A17}"
EndProject
Project("{2150E333-8FDC-42A3-9474-1A3956D46DE8}") = "Task4", "Task4", "{FB241431-2640-4C34-B7BF-AC80F3DD4817}"
EndProject
Project("{9A19103F-16F7-4668-BE54-9A1E7A4F7556}") = "Tyuiu.KosyanovDV.Sprint2.Task4.V28.Lib", "Tyuiu.KosyanovDV.Sprint2.Task4.V28.Lib\Tyuiu.KosyanovDV.Sprint2.Task4.V28.Lib.csproj", "{43F7B73E-84B5-4197-BB19-BDC9685E7137}"
EndProject
Project("{9A19103F-16F7-4668-BE54-9A1E7A4F7556}") = "Tyuiu.KosyanovDV.Sprint2.Task4.V28.Test", "Tyuiu.KosyanovDV.Sprint2.Task4.V28.Test\Tyuiu.KosyanovDV.Sprint2.Task4.V28.Test.csproj", "{14D5F51E-02A1-4E8B-8B57-3C767BE21297}"
EndProject
Project("{9A19103F-16F7-4668-BE54-9A1E7A4F7556}") = "Tyuiu.KosyanovDV.Sprint2.Task4.V28", "Tyuiu.KosyanovDV.Sprint2.Task4.V28\Tyuiu.KosyanovDV.Sprint2.Task4.V28.csproj", "{0A76B723-D11C-46DD-BC40-A1FF8D431696}"
EndProject
Project("{2150E333-8FDC-42A3-9474-1A3956D46DE8}") = "Task5", "Task5", "{A6E5BA14-E69A-40B1-95A3-39EF9E41104A}"
EndProject
Project("{9A19103F-16F7-4668-BE54-9A1E7A4F7556}") = "Tyuiu.KosyanovDV.Sprint2.Task5.V5", "Tyuiu.KosyanovDV.Sprint2.Task5.V5\Tyuiu.KosyanovDV.Sprint2.Task5.V5.csproj", "{6E20D46B-D1ED-44C7-87F8-F0DB95416684}"
EndProject
Project("{9A19103F-16F7-4668-BE54-9A1E7A4F7556}") = "Tyuiu.KosyanovDV.Sprint2.Task5.V5.Test", "Tyuiu.KosyanovDV.Sprint2.Task5.V5.Test\Tyuiu.KosyanovDV.Sprint2.Task5.V5.Test.csproj", "{78882523-10A7-4987-8AA2-77FACBA5A006}"
EndProject
Project("{9A19103F-16F7-4668-BE54-9A1E7A4F7556}") = "Tyuiu.KosyanovDV.Sprint2.Task5.V5.Lib", "Tyuiu.KosyanovDV.Sprint2.Task5.V5.Lib\Tyuiu.KosyanovDV.Sprint2.Task5.V5.Lib.csproj", "{C929B139-0C4F-4D60-A50B-4AFE745A3CC5}"
EndProject
Project("{2150E333-8FDC-42A3-9474-1A3956D46DE8}") = "Task6", "Task6", "{FF182485-C3DE-4A86-9A6F-7DACF5BFED57}"
EndProject
Project("{9A19103F-16F7-4668-BE54-9A1E7A4F7556}") = "Tyuiu.KosyanovDV.Sprint2.Task6.V2", "Tyuiu.KosyanovDV.Sprint2.Task6.V2\Tyuiu.KosyanovDV.Sprint2.Task6.V2.csproj", "{23285C6F-602E-4CE3-BB5D-161166F4AF09}"
EndProject
Project("{9A19103F-16F7-4668-BE54-9A1E7A4F7556}") = "Tyuiu.KosyanovDV.Sprint2.Task6.V2.Test", "Tyuiu.KosyanovDV.Sprint2.Task6.V2.Test\Tyuiu.KosyanovDV.Sprint2.Task6.V2.Test.csproj", "{226E58DD-D6BB-4818-BE68-23B9A870E449}"
EndProject
Project("{FAE04EC0-301F-11D3-BF4B-00C04F79EFBC}") = "Tyuiu.KosyanovDV.Sprint2.Task6.V2.Lib", "Tyuiu.KosyanovDV.Sprint2.Task6.V2.Lib\Tyuiu.KosyanovDV.Sprint2.Task6.V2.Lib.csproj", "{E8FBCC80-7A30-4C36-95FA-8B92E092B4D1}"
EndProject
Global
	GlobalSection(SolutionConfigurationPlatforms) = preSolution
		Debug|Any CPU = Debug|Any CPU
		Release|Any CPU = Release|Any CPU
	EndGlobalSection
	GlobalSection(ProjectConfigurationPlatforms) = postSolution
		{1BEF934E-2CDF-4405-80E4-D3051C7254EC}.Debug|Any CPU.ActiveCfg = Debug|Any CPU
		{1BEF934E-2CDF-4405-80E4-D3051C7254EC}.Debug|Any CPU.Build.0 = Debug|Any CPU
		{1BEF934E-2CDF-4405-80E4-D3051C7254EC}.Release|Any CPU.ActiveCfg = Release|Any CPU
		{1BEF934E-2CDF-4405-80E4-D3051C7254EC}.Release|Any CPU.Build.0 = Release|Any CPU
		{C0EEB363-AB99-40BE-A418-639FA5964EA7}.Debug|Any CPU.ActiveCfg = Debug|Any CPU
		{C0EEB363-AB99-40BE-A418-639FA5964EA7}.Debug|Any CPU.Build.0 = Debug|Any CPU
		{C0EEB363-AB99-40BE-A418-639FA5964EA7}.Release|Any CPU.ActiveCfg = Release|Any CPU
		{C0EEB363-AB99-40BE-A418-639FA5964EA7}.Release|Any CPU.Build.0 = Release|Any CPU
		{6CB325F2-088E-414D-B4DD-999637396F6E}.Debug|Any CPU.ActiveCfg = Debug|Any CPU
		{6CB325F2-088E-414D-B4DD-999637396F6E}.Debug|Any CPU.Build.0 = Debug|Any CPU
		{6CB325F2-088E-414D-B4DD-999637396F6E}.Release|Any CPU.ActiveCfg = Release|Any CPU
		{6CB325F2-088E-414D-B4DD-999637396F6E}.Release|Any CPU.Build.0 = Release|Any CPU
		{11C0D507-081A-4AD3-A5EE-E64B1E0F5DB4}.Debug|Any CPU.ActiveCfg = Debug|Any CPU
		{11C0D507-081A-4AD3-A5EE-E64B1E0F5DB4}.Debug|Any CPU.Build.0 = Debug|Any CPU
		{11C0D507-081A-4AD3-A5EE-E64B1E0F5DB4}.Release|Any CPU.ActiveCfg = Release|Any CPU
		{11C0D507-081A-4AD3-A5EE-E64B1E0F5DB4}.Release|Any CPU.Build.0 = Release|Any CPU
		{003E8B2A-1E0E-46AB-A670-F1F57227EB18}.Debug|Any CPU.ActiveCfg = Debug|Any CPU
		{003E8B2A-1E0E-46AB-A670-F1F57227EB18}.Debug|Any CPU.Build.0 = Debug|Any CPU
		{003E8B2A-1E0E-46AB-A670-F1F57227EB18}.Release|Any CPU.ActiveCfg = Release|Any CPU
		{003E8B2A-1E0E-46AB-A670-F1F57227EB18}.Release|Any CPU.Build.0 = Release|Any CPU
		{BD2B9846-762E-4C84-8133-632260F24215}.Debug|Any CPU.ActiveCfg = Debug|Any CPU
		{BD2B9846-762E-4C84-8133-632260F24215}.Debug|Any CPU.Build.0 = Debug|Any CPU
		{BD2B9846-762E-4C84-8133-632260F24215}.Release|Any CPU.ActiveCfg = Release|Any CPU
		{BD2B9846-762E-4C84-8133-632260F24215}.Release|Any CPU.Build.0 = Release|Any CPU
		{562E3B89-9CEF-44F0-87F6-DB967984FEF2}.Debug|Any CPU.ActiveCfg = Debug|Any CPU
		{562E3B89-9CEF-44F0-87F6-DB967984FEF2}.Debug|Any CPU.Build.0 = Debug|Any CPU
		{562E3B89-9CEF-44F0-87F6-DB967984FEF2}.Release|Any CPU.ActiveCfg = Release|Any CPU
		{562E3B89-9CEF-44F0-87F6-DB967984FEF2}.Release|Any CPU.Build.0 = Release|Any CPU
		{9990586C-4834-4F3C-A1CC-AAB0FC680773}.Debug|Any CPU.ActiveCfg = Debug|Any CPU
		{9990586C-4834-4F3C-A1CC-AAB0FC680773}.Debug|Any CPU.Build.0 = Debug|Any CPU
		{9990586C-4834-4F3C-A1CC-AAB0FC680773}.Release|Any CPU.ActiveCfg = Release|Any CPU
		{9990586C-4834-4F3C-A1CC-AAB0FC680773}.Release|Any CPU.Build.0 = Release|Any CPU
		{DD9E78CB-DEDA-405D-BD7D-80D0348B4583}.Debug|Any CPU.ActiveCfg = Debug|Any CPU
		{DD9E78CB-DEDA-405D-BD7D-80D0348B4583}.Debug|Any CPU.Build.0 = Debug|Any CPU
		{DD9E78CB-DEDA-405D-BD7D-80D0348B4583}.Release|Any CPU.ActiveCfg = Release|Any CPU
		{DD9E78CB-DEDA-405D-BD7D-80D0348B4583}.Release|Any CPU.Build.0 = Release|Any CPU
		{5B4F2385-A4B5-468E-B102-84E8C9460DE8}.Debug|Any CPU.ActiveCfg = Debug|Any CPU
		{5B4F2385-A4B5-468E-B102-84E8C9460DE8}.Debug|Any CPU.Build.0 = Debug|Any CPU
		{5B4F2385-A4B5-468E-B102-84E8C9460DE8}.Release|Any CPU.ActiveCfg = Release|Any CPU
		{5B4F2385-A4B5-468E-B102-84E8C9460DE8}.Release|Any CPU.Build.0 = Release|Any CPU
		{7D141BDB-B6CB-43AB-A257-91E59205D7F8}.Debug|Any CPU.ActiveCfg = Debug|Any CPU
		{7D141BDB-B6CB-43AB-A257-91E59205D7F8}.Debug|Any CPU.Build.0 = Debug|Any CPU
		{7D141BDB-B6CB-43AB-A257-91E59205D7F8}.Release|Any CPU.ActiveCfg = Release|Any CPU
		{7D141BDB-B6CB-43AB-A257-91E59205D7F8}.Release|Any CPU.Build.0 = Release|Any CPU
		{5F8D395A-B46A-4249-9B2A-33E5BE4B8A17}.Debug|Any CPU.ActiveCfg = Debug|Any CPU
		{5F8D395A-B46A-4249-9B2A-33E5BE4B8A17}.Debug|Any CPU.Build.0 = Debug|Any CPU
		{5F8D395A-B46A-4249-9B2A-33E5BE4B8A17}.Release|Any CPU.ActiveCfg = Release|Any CPU
		{5F8D395A-B46A-4249-9B2A-33E5BE4B8A17}.Release|Any CPU.Build.0 = Release|Any CPU
		{43F7B73E-84B5-4197-BB19-BDC9685E7137}.Debug|Any CPU.ActiveCfg = Debug|Any CPU
		{43F7B73E-84B5-4197-BB19-BDC9685E7137}.Debug|Any CPU.Build.0 = Debug|Any CPU
		{43F7B73E-84B5-4197-BB19-BDC9685E7137}.Release|Any CPU.ActiveCfg = Release|Any CPU
		{43F7B73E-84B5-4197-BB19-BDC9685E7137}.Release|Any CPU.Build.0 = Release|Any CPU
		{14D5F51E-02A1-4E8B-8B57-3C767BE21297}.Debug|Any CPU.ActiveCfg = Debug|Any CPU
		{14D5F51E-02A1-4E8B-8B57-3C767BE21297}.Debug|Any CPU.Build.0 = Debug|Any CPU
		{14D5F51E-02A1-4E8B-8B57-3C767BE21297}.Release|Any CPU.ActiveCfg = Release|Any CPU
		{14D5F51E-02A1-4E8B-8B57-3C767BE21297}.Release|Any CPU.Build.0 = Release|Any CPU
		{0A76B723-D11C-46DD-BC40-A1FF8D431696}.Debug|Any CPU.ActiveCfg = Debug|Any CPU
		{0A76B723-D11C-46DD-BC40-A1FF8D431696}.Debug|Any CPU.Build.0 = Debug|Any CPU
		{0A76B723-D11C-46DD-BC40-A1FF8D431696}.Release|Any CPU.ActiveCfg = Release|Any CPU
		{0A76B723-D11C-46DD-BC40-A1FF8D431696}.Release|Any CPU.Build.0 = Release|Any CPU
		{6E20D46B-D1ED-44C7-87F8-F0DB95416684}.Debug|Any CPU.ActiveCfg = Debug|Any CPU
		{6E20D46B-D1ED-44C7-87F8-F0DB95416684}.Debug|Any CPU.Build.0 = Debug|Any CPU
		{6E20D46B-D1ED-44C7-87F8-F0DB95416684}.Release|Any CPU.ActiveCfg = Release|Any CPU
		{6E20D46B-D1ED-44C7-87F8-F0DB95416684}.Release|Any CPU.Build.0 = Release|Any CPU
		{78882523-10A7-4987-8AA2-77FACBA5A006}.Debug|Any CPU.ActiveCfg = Debug|Any CPU
		{78882523-10A7-4987-8AA2-77FACBA5A006}.Debug|Any CPU.Build.0 = Debug|Any CPU
		{78882523-10A7-4987-8AA2-77FACBA5A006}.Release|Any CPU.ActiveCfg = Release|Any CPU
		{78882523-10A7-4987-8AA2-77FACBA5A006}.Release|Any CPU.Build.0 = Release|Any CPU
		{C929B139-0C4F-4D60-A50B-4AFE745A3CC5}.Debug|Any CPU.ActiveCfg = Debug|Any CPU
		{C929B139-0C4F-4D60-A50B-4AFE745A3CC5}.Debug|Any CPU.Build.0 = Debug|Any CPU
		{C929B139-0C4F-4D60-A50B-4AFE745A3CC5}.Release|Any CPU.ActiveCfg = Release|Any CPU
		{C929B139-0C4F-4D60-A50B-4AFE745A3CC5}.Release|Any CPU.Build.0 = Release|Any CPU
		{23285C6F-602E-4CE3-BB5D-161166F4AF09}.Debug|Any CPU.ActiveCfg = Debug|Any CPU
		{23285C6F-602E-4CE3-BB5D-161166F4AF09}.Debug|Any CPU.Build.0 = Debug|Any CPU
		{23285C6F-602E-4CE3-BB5D-161166F4AF09}.Release|Any CPU.ActiveCfg = Release|Any CPU
		{23285C6F-602E-4CE3-BB5D-161166F4AF09}.Release|Any CPU.Build.0 = Release|Any CPU
		{226E58DD-D6BB-4818-BE68-23B9A870E449}.Debug|Any CPU.ActiveCfg = Debug|Any CPU
		{226E58DD-D6BB-4818-BE68-23B9A870E449}.Debug|Any CPU.Build.0 = Debug|Any CPU
		{226E58DD-D6BB-4818-BE68-23B9A870E449}.Release|Any CPU.ActiveCfg = Release|Any CPU
		{226E58DD-D6BB-4818-BE68-23B9A870E449}.Release|Any CPU.Build.0 = Release|Any CPU
		{E8FBCC80-7A30-4C36-95FA-8B92E092B4D1}.Debug|Any CPU.ActiveCfg = Debug|Any CPU
		{E8FBCC80-7A30-4C36-95FA-8B92E092B4D1}.Debug|Any CPU.Build.0 = Debug|Any CPU
		{E8FBCC80-7A30-4C36-95FA-8B92E092B4D1}.Release|Any CPU.ActiveCfg = Release|Any CPU
		{E8FBCC80-7A30-4C36-95FA-8B92E092B4D1}.Release|Any CPU.Build.0 = Release|Any CPU
	EndGlobalSection
	GlobalSection(SolutionProperties) = preSolution
		HideSolutionNode = FALSE
	EndGlobalSection
	GlobalSection(NestedProjects) = preSolution
		{1BEF934E-2CDF-4405-80E4-D3051C7254EC} = {5484A5C3-7E51-4931-AD3B-A8187642ECA3}
		{C0EEB363-AB99-40BE-A418-639FA5964EA7} = {5484A5C3-7E51-4931-AD3B-A8187642ECA3}
		{6CB325F2-088E-414D-B4DD-999637396F6E} = {5484A5C3-7E51-4931-AD3B-A8187642ECA3}
		{11C0D507-081A-4AD3-A5EE-E64B1E0F5DB4} = {BC4A31CF-C6F8-49E5-A68D-789D6EE2990B}
		{003E8B2A-1E0E-46AB-A670-F1F57227EB18} = {BC4A31CF-C6F8-49E5-A68D-789D6EE2990B}
		{BD2B9846-762E-4C84-8133-632260F24215} = {BC4A31CF-C6F8-49E5-A68D-789D6EE2990B}
		{562E3B89-9CEF-44F0-87F6-DB967984FEF2} = {43937EBD-0E3A-4D7F-A8CE-4EBFE6DF3A94}
		{9990586C-4834-4F3C-A1CC-AAB0FC680773} = {43937EBD-0E3A-4D7F-A8CE-4EBFE6DF3A94}
		{DD9E78CB-DEDA-405D-BD7D-80D0348B4583} = {43937EBD-0E3A-4D7F-A8CE-4EBFE6DF3A94}
		{5B4F2385-A4B5-468E-B102-84E8C9460DE8} = {BBE8B012-49EE-44A2-B7DC-CC23C296B06F}
		{7D141BDB-B6CB-43AB-A257-91E59205D7F8} = {BBE8B012-49EE-44A2-B7DC-CC23C296B06F}
		{5F8D395A-B46A-4249-9B2A-33E5BE4B8A17} = {BBE8B012-49EE-44A2-B7DC-CC23C296B06F}
		{43F7B73E-84B5-4197-BB19-BDC9685E7137} = {FB241431-2640-4C34-B7BF-AC80F3DD4817}
		{14D5F51E-02A1-4E8B-8B57-3C767BE21297} = {FB241431-2640-4C34-B7BF-AC80F3DD4817}
		{0A76B723-D11C-46DD-BC40-A1FF8D431696} = {FB241431-2640-4C34-B7BF-AC80F3DD4817}
		{6E20D46B-D1ED-44C7-87F8-F0DB95416684} = {A6E5BA14-E69A-40B1-95A3-39EF9E41104A}
		{78882523-10A7-4987-8AA2-77FACBA5A006} = {A6E5BA14-E69A-40B1-95A3-39EF9E41104A}
		{C929B139-0C4F-4D60-A50B-4AFE745A3CC5} = {A6E5BA14-E69A-40B1-95A3-39EF9E41104A}
		{23285C6F-602E-4CE3-BB5D-161166F4AF09} = {FF182485-C3DE-4A86-9A6F-7DACF5BFED57}
		{226E58DD-D6BB-4818-BE68-23B9A870E449} = {FF182485-C3DE-4A86-9A6F-7DACF5BFED57}
		{E8FBCC80-7A30-4C36-95FA-8B92E092B4D1} = {FF182485-C3DE-4A86-9A6F-7DACF5BFED57}
	EndGlobalSection
	GlobalSection(ExtensibilityGlobals) = postSolution
		SolutionGuid = {5E981C4D-5282-47BE-B66D-E58BB0904DB6}
	EndGlobalSection
EndGlobal
